Microsoft Visual Studio Solution File, Format Version 12.00
# Visual Studio 14
VisualStudioVersion = 14.0.25420.1
MinimumVisualStudioVersion = 10.0.40219.1
Project("{8BC9CEB8-8B4A-11D0-8D11-00A0C91BC942}") = "dosbox", "dosbox.vcxproj", "{7FCFFB9B-8629-4D51-849C-8490CECF8AB7}"
EndProject
Project("{2150E333-8FDC-42A3-9474-1A3956D46DE8}") = "Libraries", "Libraries", "{56E491A6-8CF9-41FA-8A84-CD9F83BB3ABA}"
EndProject
Project("{8BC9CEB8-8B4A-11D0-8D11-00A0C91BC942}") = "zlib", "..\extlib\zlib\vs2017\zlib.vcxproj", "{27E95423-D7FB-42E6-A009-6413484FE66A}"
EndProject
Project("{8BC9CEB8-8B4A-11D0-8D11-00A0C91BC942}") = "libogg_static", "..\extlib\libogg\win32\vs2017\libogg_static.vcxproj", "{15CBFEFF-7965-41F5-B4E2-21E8795C9159}"
EndProject
Project("{8BC9CEB8-8B4A-11D0-8D11-00A0C91BC942}") = "libvorbis_static", "..\extlib\libvorbis\win32\vs2017\libvorbis\libvorbis_static.vcxproj", "{3A214E06-B95E-4D61-A291-1F8DF2EC10FD}"
EndProject
Project("{8BC9CEB8-8B4A-11D0-8D11-00A0C91BC942}") = "libvorbisfile_static", "..\extlib\libvorbis\win32\vs2017\libvorbisfile\libvorbisfile_static.vcxproj", "{CEBDE98B-A6AA-46E6-BC79-FAAF823DB9EC}"
EndProject
Project("{8BC9CEB8-8B4A-11D0-8D11-00A0C91BC942}") = "libpng", "..\extlib\libpng\projects\vs2017\libpng.vcxproj", "{C18089D0-D225-4E1D-BF71-AD792F80E41E}"
EndProject
Project("{8BC9CEB8-8B4A-11D0-8D11-00A0C91BC942}") = "SDL", "..\extlib\SDL\vs2017\SDL\SDL.vcxproj", "{81CE8DAF-EBB2-4761-8E45-B71ABCCA8C68}"
EndProject
Project("{8BC9CEB8-8B4A-11D0-8D11-00A0C91BC942}") = "SDLmain", "..\extlib\SDL\vs2017\SDLmain\SDLmain.vcxproj", "{F09FD81A-CE06-471D-ACB8-9CB52E98CDC9}"
EndProject
Project("{8BC9CEB8-8B4A-11D0-8D11-00A0C91BC942}") = "SDL_sound_static", "..\extlib\SDL_sound\vs2017\sdl_sound_static.vcxproj", "{5ABB361F-B74C-40A6-AE15-C7C468882D36}"
EndProject
Project("{8BC9CEB8-8B4A-11D0-8D11-00A0C91BC942}") = "SDL_net", "..\extlib\SDL_net\vs2017\SDL_net.vcxproj", "{8AB3504F-5E58-4910-AFE8-7A1E595AC3F4}"
EndProject
Project("{2150E333-8FDC-42A3-9474-1A3956D46DE8}") = "DLL", "DLL", "{633DBBBC-AD9D-4953-8694-B909EBC41071}"
EndProject
Global
	GlobalSection(SolutionConfigurationPlatforms) = preSolution
		Debug|Win32 = Debug|Win32
		Game Link Debug|Win32 = Game Link Debug|Win32
		Game Link|Win32 = Game Link|Win32
		Release|Win32 = Release|Win32
	EndGlobalSection
	GlobalSection(ProjectConfigurationPlatforms) = postSolution
		{7FCFFB9B-8629-4D51-849C-8490CECF8AB7}.Debug|Win32.ActiveCfg = Debug|Win32
		{7FCFFB9B-8629-4D51-849C-8490CECF8AB7}.Debug|Win32.Build.0 = Debug|Win32
		{7FCFFB9B-8629-4D51-849C-8490CECF8AB7}.Game Link Debug|Win32.ActiveCfg = Game Link Debug|Win32
		{7FCFFB9B-8629-4D51-849C-8490CECF8AB7}.Game Link Debug|Win32.Build.0 = Game Link Debug|Win32
		{7FCFFB9B-8629-4D51-849C-8490CECF8AB7}.Game Link|Win32.ActiveCfg = Game Link|Win32
		{7FCFFB9B-8629-4D51-849C-8490CECF8AB7}.Game Link|Win32.Build.0 = Game Link|Win32
		{7FCFFB9B-8629-4D51-849C-8490CECF8AB7}.Release|Win32.ActiveCfg = Release|Win32
		{7FCFFB9B-8629-4D51-849C-8490CECF8AB7}.Release|Win32.Build.0 = Release|Win32
		{27E95423-D7FB-42E6-A009-6413484FE66A}.Debug|Win32.ActiveCfg = Debug|Win32
		{27E95423-D7FB-42E6-A009-6413484FE66A}.Debug|Win32.Build.0 = Debug|Win32
		{27E95423-D7FB-42E6-A009-6413484FE66A}.Game Link Debug|Win32.ActiveCfg = Debug|Win32
		{27E95423-D7FB-42E6-A009-6413484FE66A}.Game Link Debug|Win32.Build.0 = Debug|Win32
		{27E95423-D7FB-42E6-A009-6413484FE66A}.Game Link|Win32.ActiveCfg = Release|Win32
		{27E95423-D7FB-42E6-A009-6413484FE66A}.Game Link|Win32.Build.0 = Release|Win32
		{27E95423-D7FB-42E6-A009-6413484FE66A}.Release|Win32.ActiveCfg = Release|Win32
		{27E95423-D7FB-42E6-A009-6413484FE66A}.Release|Win32.Build.0 = Release|Win32
		{15CBFEFF-7965-41F5-B4E2-21E8795C9159}.Debug|Win32.ActiveCfg = Debug|Win32
		{15CBFEFF-7965-41F5-B4E2-21E8795C9159}.Debug|Win32.Build.0 = Debug|Win32
		{15CBFEFF-7965-41F5-B4E2-21E8795C9159}.Game Link Debug|Win32.ActiveCfg = Debug|Win32
		{15CBFEFF-7965-41F5-B4E2-21E8795C9159}.Game Link Debug|Win32.Build.0 = Debug|Win32
		{15CBFEFF-7965-41F5-B4E2-21E8795C9159}.Game Link|Win32.ActiveCfg = Release|Win32
		{15CBFEFF-7965-41F5-B4E2-21E8795C9159}.Game Link|Win32.Build.0 = Release|Win32
		{15CBFEFF-7965-41F5-B4E2-21E8795C9159}.Release|Win32.ActiveCfg = Release|Win32
		{15CBFEFF-7965-41F5-B4E2-21E8795C9159}.Release|Win32.Build.0 = Release|Win32
		{3A214E06-B95E-4D61-A291-1F8DF2EC10FD}.Debug|Win32.ActiveCfg = Debug|Win32
		{3A214E06-B95E-4D61-A291-1F8DF2EC10FD}.Debug|Win32.Build.0 = Debug|Win32
		{3A214E06-B95E-4D61-A291-1F8DF2EC10FD}.Game Link Debug|Win32.ActiveCfg = Debug|Win32
		{3A214E06-B95E-4D61-A291-1F8DF2EC10FD}.Game Link Debug|Win32.Build.0 = Debug|Win32
		{3A214E06-B95E-4D61-A291-1F8DF2EC10FD}.Game Link|Win32.ActiveCfg = Release|Win32
		{3A214E06-B95E-4D61-A291-1F8DF2EC10FD}.Game Link|Win32.Build.0 = Release|Win32
		{3A214E06-B95E-4D61-A291-1F8DF2EC10FD}.Release|Win32.ActiveCfg = Release|Win32
		{3A214E06-B95E-4D61-A291-1F8DF2EC10FD}.Release|Win32.Build.0 = Release|Win32
		{CEBDE98B-A6AA-46E6-BC79-FAAF823DB9EC}.Debug|Win32.ActiveCfg = Debug|Win32
		{CEBDE98B-A6AA-46E6-BC79-FAAF823DB9EC}.Debug|Win32.Build.0 = Debug|Win32
		{CEBDE98B-A6AA-46E6-BC79-FAAF823DB9EC}.Game Link Debug|Win32.ActiveCfg = Debug|Win32
		{CEBDE98B-A6AA-46E6-BC79-FAAF823DB9EC}.Game Link Debug|Win32.Build.0 = Debug|Win32
		{CEBDE98B-A6AA-46E6-BC79-FAAF823DB9EC}.Game Link|Win32.ActiveCfg = Release|Win32
		{CEBDE98B-A6AA-46E6-BC79-FAAF823DB9EC}.Game Link|Win32.Build.0 = Release|Win32
		{CEBDE98B-A6AA-46E6-BC79-FAAF823DB9EC}.Release|Win32.ActiveCfg = Release|Win32
		{CEBDE98B-A6AA-46E6-BC79-FAAF823DB9EC}.Release|Win32.Build.0 = Release|Win32
		{C18089D0-D225-4E1D-BF71-AD792F80E41E}.Debug|Win32.ActiveCfg = Debug|Win32
		{C18089D0-D225-4E1D-BF71-AD792F80E41E}.Debug|Win32.Build.0 = Debug|Win32
		{C18089D0-D225-4E1D-BF71-AD792F80E41E}.Game Link Debug|Win32.ActiveCfg = Debug|Win32
		{C18089D0-D225-4E1D-BF71-AD792F80E41E}.Game Link Debug|Win32.Build.0 = Debug|Win32
		{C18089D0-D225-4E1D-BF71-AD792F80E41E}.Game Link|Win32.ActiveCfg = Release|Win32
		{C18089D0-D225-4E1D-BF71-AD792F80E41E}.Game Link|Win32.Build.0 = Release|Win32
		{C18089D0-D225-4E1D-BF71-AD792F80E41E}.Release|Win32.ActiveCfg = Release|Win32
		{C18089D0-D225-4E1D-BF71-AD792F80E41E}.Release|Win32.Build.0 = Release|Win32
		{81CE8DAF-EBB2-4761-8E45-B71ABCCA8C68}.Debug|Win32.ActiveCfg = Debug|Win32
		{81CE8DAF-EBB2-4761-8E45-B71ABCCA8C68}.Debug|Win32.Build.0 = Debug|Win32
		{81CE8DAF-EBB2-4761-8E45-B71ABCCA8C68}.Game Link Debug|Win32.ActiveCfg = Debug|Win32
		{81CE8DAF-EBB2-4761-8E45-B71ABCCA8C68}.Game Link Debug|Win32.Build.0 = Debug|Win32
		{81CE8DAF-EBB2-4761-8E45-B71ABCCA8C68}.Game Link|Win32.ActiveCfg = Release|Win32
		{81CE8DAF-EBB2-4761-8E45-B71ABCCA8C68}.Game Link|Win32.Build.0 = Release|Win32
		{81CE8DAF-EBB2-4761-8E45-B71ABCCA8C68}.Release|Win32.ActiveCfg = Release|Win32
		{81CE8DAF-EBB2-4761-8E45-B71ABCCA8C68}.Release|Win32.Build.0 = Release|Win32
		{F09FD81A-CE06-471D-ACB8-9CB52E98CDC9}.Debug|Win32.ActiveCfg = Debug|Win32
		{F09FD81A-CE06-471D-ACB8-9CB52E98CDC9}.Debug|Win32.Build.0 = Debug|Win32
		{F09FD81A-CE06-471D-ACB8-9CB52E98CDC9}.Game Link Debug|Win32.ActiveCfg = Debug|Win32
		{F09FD81A-CE06-471D-ACB8-9CB52E98CDC9}.Game Link Debug|Win32.Build.0 = Debug|Win32
		{F09FD81A-CE06-471D-ACB8-9CB52E98CDC9}.Game Link|Win32.ActiveCfg = Release|Win32
		{F09FD81A-CE06-471D-ACB8-9CB52E98CDC9}.Game Link|Win32.Build.0 = Release|Win32
		{F09FD81A-CE06-471D-ACB8-9CB52E98CDC9}.Release|Win32.ActiveCfg = Release|Win32
		{F09FD81A-CE06-471D-ACB8-9CB52E98CDC9}.Release|Win32.Build.0 = Release|Win32
		{5ABB361F-B74C-40A6-AE15-C7C468882D36}.Debug|Win32.ActiveCfg = Debug|Win32
		{5ABB361F-B74C-40A6-AE15-C7C468882D36}.Debug|Win32.Build.0 = Debug|Win32
		{5ABB361F-B74C-40A6-AE15-C7C468882D36}.Game Link Debug|Win32.ActiveCfg = Debug|Win32
		{5ABB361F-B74C-40A6-AE15-C7C468882D36}.Game Link Debug|Win32.Build.0 = Debug|Win32
		{5ABB361F-B74C-40A6-AE15-C7C468882D36}.Game Link|Win32.ActiveCfg = Release|Win32
		{5ABB361F-B74C-40A6-AE15-C7C468882D36}.Game Link|Win32.Build.0 = Release|Win32
		{5ABB361F-B74C-40A6-AE15-C7C468882D36}.Release|Win32.ActiveCfg = Release|Win32
		{5ABB361F-B74C-40A6-AE15-C7C468882D36}.Release|Win32.Build.0 = Release|Win32
		{8AB3504F-5E58-4910-AFE8-7A1E595AC3F4}.Debug|Win32.ActiveCfg = Debug|Win32
		{8AB3504F-5E58-4910-AFE8-7A1E595AC3F4}.Debug|Win32.Build.0 = Debug|Win32
		{8AB3504F-5E58-4910-AFE8-7A1E595AC3F4}.Game Link Debug|Win32.ActiveCfg = Debug|Win32
		{8AB3504F-5E58-4910-AFE8-7A1E595AC3F4}.Game Link Debug|Win32.Build.0 = Debug|Win32
		{8AB3504F-5E58-4910-AFE8-7A1E595AC3F4}.Game Link|Win32.ActiveCfg = Release|Win32
		{8AB3504F-5E58-4910-AFE8-7A1E595AC3F4}.Game Link|Win32.Build.0 = Release|Win32
		{8AB3504F-5E58-4910-AFE8-7A1E595AC3F4}.Release|Win32.ActiveCfg = Release|Win32
		{8AB3504F-5E58-4910-AFE8-7A1E595AC3F4}.Release|Win32.Build.0 = Release|Win32
	EndGlobalSection
	GlobalSection(SolutionProperties) = preSolution
		HideSolutionNode = FALSE
	EndGlobalSection
	GlobalSection(NestedProjects) = preSolution
		{27E95423-D7FB-42E6-A009-6413484FE66A} = {56E491A6-8CF9-41FA-8A84-CD9F83BB3ABA}
		{15CBFEFF-7965-41F5-B4E2-21E8795C9159} = {56E491A6-8CF9-41FA-8A84-CD9F83BB3ABA}
		{3A214E06-B95E-4D61-A291-1F8DF2EC10FD} = {56E491A6-8CF9-41FA-8A84-CD9F83BB3ABA}
		{CEBDE98B-A6AA-46E6-BC79-FAAF823DB9EC} = {56E491A6-8CF9-41FA-8A84-CD9F83BB3ABA}
		{C18089D0-D225-4E1D-BF71-AD792F80E41E} = {56E491A6-8CF9-41FA-8A84-CD9F83BB3ABA}
		{81CE8DAF-EBB2-4761-8E45-B71ABCCA8C68} = {633DBBBC-AD9D-4953-8694-B909EBC41071}
		{F09FD81A-CE06-471D-ACB8-9CB52E98CDC9} = {56E491A6-8CF9-41FA-8A84-CD9F83BB3ABA}
		{5ABB361F-B74C-40A6-AE15-C7C468882D36} = {56E491A6-8CF9-41FA-8A84-CD9F83BB3ABA}
		{8AB3504F-5E58-4910-AFE8-7A1E595AC3F4} = {633DBBBC-AD9D-4953-8694-B909EBC41071}
	EndGlobalSection
EndGlobal
